<?xml version="1.0" encoding="UTF-8"?>
<Scheme
   LastUpgradeVersion = "0500"
   version = "1.3">
   <BuildAction
      parallelizeBuildables = "YES"
      buildImplicitDependencies = "YES">
      <BuildActionEntries>
         <BuildActionEntry
            buildForTesting = "YES"
            buildForRunning = "YES"
            buildForProfiling = "YES"
            buildForArchiving = "YES"
            buildForAnalyzing = "YES">
            <BuildableReference
               BuildableIdentifier = "primary"
               BlueprintIdentifier = "B996CDE6183C585E004F7FEE"
               BuildableName = "&#32593;&#32476;&#25910;&#38899;&#26426;.app"
               BlueprintName = "&#32593;&#32476;&#25910;&#38899;&#26426;"
               ReferencedContainer = "container:&#32593;&#32476;&#25910;&#38899;&#26426;.xcodeproj">
            </BuildableReference>
         </BuildActionEntry>
      </BuildActionEntries>
   </BuildAction>
   <TestAction
      selectedDebuggerIdentifier = "Xcode.DebuggerFoundation.Debugger.LLDB"
      selectedLauncherIdentifier = "Xcode.DebuggerFoundation.Launcher.LLDB"
      shouldUseLaunchSchemeArgsEnv = "YES"
      buildConfiguration = "Debug">
      <Testables>
         <TestableReference
            skipped = "NO">
            <BuildableReference
               BuildableIdentifier = "primary"
               BlueprintIdentifier = "B996CE07183C585E004F7FEE"
               BuildableName = "&#32593;&#32476;&#25910;&#38899;&#26426;Tests.xctest"
               BlueprintName = "&#32593;&#32476;&#25910;&#38899;&#26426;Tests"
               ReferencedContainer = "container:&#32593;&#32476;&#25910;&#38899;&#26426;.xcodeproj">
            </BuildableReference>
         </TestableReference>
      </Testables>
      <MacroExpansion>
         <BuildableReference
            BuildableIdentifier = "primary"
            BlueprintIdentifier = "B996CDE6183C585E004F7FEE"
            BuildableName = "&#32593;&#32476;&#25910;&#38899;&#26426;.app"
            BlueprintName = "&#32593;&#32476;&#25910;&#38899;&#26426;"
            ReferencedContainer = "container:&#32593;&#32476;&#25910;&#38899;&#26426;.xcodeproj">
         </BuildableReference>
      </MacroExpansion>
   </TestAction>
   <LaunchAction
      selectedDebuggerIdentifier = "Xcode.DebuggerFoundation.Debugger.LLDB"
      selectedLauncherIdentifier = "Xcode.DebuggerFoundation.Launcher.LLDB"
      launchStyle = "0"
      useCustomWorkingDirectory = "NO"
      buildConfiguration = "Debug"
      ignoresPersistentStateOnLaunch = "NO"
      debugDocumentVersioning = "YES"
      allowLocationSimulation = "YES">
      <BuildableProductRunnable>
         <BuildableReference
            BuildableIdentifier = "primary"
            BlueprintIdentifier = "B996CDE6183C585E004F7FEE"
            BuildableName = "&#32593;&#32476;&#25910;&#38899;&#26426;.app"
            BlueprintName = "&#32593;&#32476;&#25910;&#38899;&#26426;"
            ReferencedContainer = "container:&#32593;&#32476;&#25910;&#38899;&#26426;.xcodeproj">
         </BuildableReference>
      </BuildableProductRunnable>
      <AdditionalOptions>
      </AdditionalOptions>
   </LaunchAction>
   <ProfileAction
      shouldUseLaunchSchemeArgsEnv = "YES"
      savedToolIdentifier = ""
      useCustomWorkingDirectory = "NO"
      buildConfiguration = "Release"
      debugDocumentVersioning = "YES">
      <BuildableProductRunnable>
         <BuildableReference
            BuildableIdentifier = "primary"
            BlueprintIdentifier = "B996CDE6183C585E004F7FEE"
            BuildableName = "&#32593;&#32476;&#25910;&#38899;&#26426;.app"
            BlueprintName = "&#32593;&#32476;&#25910;&#38899;&#26426;"
            ReferencedContainer = "container:&#32593;&#32476;&#25910;&#38899;&#26426;.xcodeproj">
         </BuildableReference>
      </BuildableProductRunnable>
   </ProfileAction>
   <AnalyzeAction
      buildConfiguration = "Debug">
   </AnalyzeAction>
   <ArchiveAction
      buildConfiguration = "Release"
      revealArchiveInOrganizer = "YES">
   </ArchiveAction>
</Scheme>
